
Microsoft Visual Studio Solution File, Format Version 12.00
# Visual Studio 14
VisualStudioVersion = 14.0.25420.1
MinimumVisualStudioVersion = 10.0.40219.1
Project("{2150E333-8FDC-42A3-9474-1A3956D46DE8}") = "1. Infrastructure", "1. Infrastructure", "{514792CC-DB42-49AE-914E-47206959D334}"
EndProject
Project("{2150E333-8FDC-42A3-9474-1A3956D46DE8}") = "2. Domain", "2. Domain", "{E150ED47-C330-46A1-8E4A-E703735AD83F}"
EndProject
Project("{2150E333-8FDC-42A3-9474-1A3956D46DE8}") = "3. UI", "3. UI", "{DAC9823B-3255-493D-9A71-46555E94E301}"
EndProject
Project("{FAE04EC0-301F-11D3-BF4B-00C04F79EFBC}") = "ML.Infrastructure.Common", "Infrastructure\ML.Infrastructure.Common\ML.Infrastructure.Common.csproj", "{9317FE39-3868-4CE2-97C2-A1180DD0D3C9}"
EndProject
Project("{FAE04EC0-301F-11D3-BF4B-00C04F79EFBC}") = "ML.Domain.Model", "Domain\ML.Domain.Model\ML.Domain.Model.csproj", "{77C86529-5C9F-44E7-9242-45993221BC10}"
EndProject
Project("{FAE04EC0-301F-11D3-BF4B-00C04F79EFBC}") = "ML.Domain.Core", "Domain\ML.Domain.Core\ML.Domain.Core.csproj", "{154C4EF3-BB71-4259-88EC-3BFAC4C3867C}"
EndProject
Project("{2150E333-8FDC-42A3-9474-1A3956D46DE8}") = "Test", "Test", "{7E635D00-29C6-4B76-885D-F9FCEAFBDB49}"
EndProject
Project("{FAE04EC0-301F-11D3-BF4B-00C04F79EFBC}") = "ML.Test", "Test\ML.Test\ML.Test.csproj", "{9F7F7B5F-BF98-4A90-95F9-BD70650C6B16}"
EndProject
Project("{FAE04EC0-301F-11D3-BF4B-00C04F79EFBC}") = "ML.Infrastructure.SearchTool", "Infrastructure\ML.Infrastructure.SearchTool\ML.Infrastructure.SearchTool.csproj", "{5FCAEA8B-1DFD-45EC-B37E-0A1B6F6A8E24}"
EndProject
Project("{FAE04EC0-301F-11D3-BF4B-00C04F79EFBC}") = "ML.Infrastructure.Repository", "Infrastructure\ML.Infrastructure.Repository\ML.Infrastructure.Repository.csproj", "{FF3781C7-825A-42CB-B57A-CE54363CFE80}"
EndProject
Project("{FAE04EC0-301F-11D3-BF4B-00C04F79EFBC}") = "ML.UI.ClientService", "UI\ML.UI.ClientService\ML.UI.ClientService.csproj", "{5124B205-C5AB-4080-A2E6-F2E96C7E8272}"
EndProject
Project("{2150E333-8FDC-42A3-9474-1A3956D46DE8}") = "Pangu", "Pangu", "{10A3E070-CFE9-4F44-AF01-B14979BA3D73}"
EndProject
Project("{FAE04EC0-301F-11D3-BF4B-00C04F79EFBC}") = "PanGu.Lucene.Analyzer", "Pangu\PanGu.Lucene.Analyzer\PanGu.Lucene.Analyzer.csproj", "{5A6AFB41-632D-46C0-B1AB-EB8B10C70A2A}"
EndProject
Project("{FAE04EC0-301F-11D3-BF4B-00C04F79EFBC}") = "PanGu", "Pangu\PanGu\PanGu.csproj", "{091E1C60-F77B-45A1-844C-86C5F508B57B}"
EndProject
Global
	GlobalSection(SolutionConfigurationPlatforms) = preSolution
		Debug|Any CPU = Debug|Any CPU
		Release|Any CPU = Release|Any CPU
	EndGlobalSection
	GlobalSection(ProjectConfigurationPlatforms) = postSolution
		{9317FE39-3868-4CE2-97C2-A1180DD0D3C9}.Debug|Any CPU.ActiveCfg = Debug|Any CPU
		{9317FE39-3868-4CE2-97C2-A1180DD0D3C9}.Debug|Any CPU.Build.0 = Debug|Any CPU
		{9317FE39-3868-4CE2-97C2-A1180DD0D3C9}.Release|Any CPU.ActiveCfg = Release|Any CPU
		{9317FE39-3868-4CE2-97C2-A1180DD0D3C9}.Release|Any CPU.Build.0 = Release|Any CPU
		{77C86529-5C9F-44E7-9242-45993221BC10}.Debug|Any CPU.ActiveCfg = Debug|Any CPU
		{77C86529-5C9F-44E7-9242-45993221BC10}.Debug|Any CPU.Build.0 = Debug|Any CPU
		{77C86529-5C9F-44E7-9242-45993221BC10}.Release|Any CPU.ActiveCfg = Release|Any CPU
		{77C86529-5C9F-44E7-9242-45993221BC10}.Release|Any CPU.Build.0 = Release|Any CPU
		{154C4EF3-BB71-4259-88EC-3BFAC4C3867C}.Debug|Any CPU.ActiveCfg = Debug|Any CPU
		{154C4EF3-BB71-4259-88EC-3BFAC4C3867C}.Debug|Any CPU.Build.0 = Debug|Any CPU
		{154C4EF3-BB71-4259-88EC-3BFAC4C3867C}.Release|Any CPU.ActiveCfg = Release|Any CPU
		{154C4EF3-BB71-4259-88EC-3BFAC4C3867C}.Release|Any CPU.Build.0 = Release|Any CPU
		{9F7F7B5F-BF98-4A90-95F9-BD70650C6B16}.Debug|Any CPU.ActiveCfg = Debug|Any CPU
		{9F7F7B5F-BF98-4A90-95F9-BD70650C6B16}.Debug|Any CPU.Build.0 = Debug|Any CPU
		{9F7F7B5F-BF98-4A90-95F9-BD70650C6B16}.Release|Any CPU.ActiveCfg = Release|Any CPU
		{9F7F7B5F-BF98-4A90-95F9-BD70650C6B16}.Release|Any CPU.Build.0 = Release|Any CPU
		{5FCAEA8B-1DFD-45EC-B37E-0A1B6F6A8E24}.Debug|Any CPU.ActiveCfg = Debug|Any CPU
		{5FCAEA8B-1DFD-45EC-B37E-0A1B6F6A8E24}.Debug|Any CPU.Build.0 = Debug|Any CPU
		{5FCAEA8B-1DFD-45EC-B37E-0A1B6F6A8E24}.Release|Any CPU.ActiveCfg = Release|Any CPU
		{5FCAEA8B-1DFD-45EC-B37E-0A1B6F6A8E24}.Release|Any CPU.Build.0 = Release|Any CPU
		{FF3781C7-825A-42CB-B57A-CE54363CFE80}.Debug|Any CPU.ActiveCfg = Debug|Any CPU
		{FF3781C7-825A-42CB-B57A-CE54363CFE80}.Debug|Any CPU.Build.0 = Debug|Any CPU
		{FF3781C7-825A-42CB-B57A-CE54363CFE80}.Release|Any CPU.ActiveCfg = Release|Any CPU
		{FF3781C7-825A-42CB-B57A-CE54363CFE80}.Release|Any CPU.Build.0 = Release|Any CPU
		{5124B205-C5AB-4080-A2E6-F2E96C7E8272}.Debug|Any CPU.ActiveCfg = Debug|Any CPU
		{5124B205-C5AB-4080-A2E6-F2E96C7E8272}.Debug|Any CPU.Build.0 = Debug|Any CPU
		{5124B205-C5AB-4080-A2E6-F2E96C7E8272}.Release|Any CPU.ActiveCfg = Release|Any CPU
		{5124B205-C5AB-4080-A2E6-F2E96C7E8272}.Release|Any CPU.Build.0 = Release|Any CPU
		{5A6AFB41-632D-46C0-B1AB-EB8B10C70A2A}.Debug|Any CPU.ActiveCfg = Debug|Any CPU
		{5A6AFB41-632D-46C0-B1AB-EB8B10C70A2A}.Debug|Any CPU.Build.0 = Debug|Any CPU
		{5A6AFB41-632D-46C0-B1AB-EB8B10C70A2A}.Release|Any CPU.ActiveCfg = Release|Any CPU
		{5A6AFB41-632D-46C0-B1AB-EB8B10C70A2A}.Release|Any CPU.Build.0 = Release|Any CPU
		{091E1C60-F77B-45A1-844C-86C5F508B57B}.Debug|Any CPU.ActiveCfg = Debug|Any CPU
		{091E1C60-F77B-45A1-844C-86C5F508B57B}.Debug|Any CPU.Build.0 = Debug|Any CPU
		{091E1C60-F77B-45A1-844C-86C5F508B57B}.Release|Any CPU.ActiveCfg = Release|Any CPU
		{091E1C60-F77B-45A1-844C-86C5F508B57B}.Release|Any CPU.Build.0 = Release|Any CPU
	EndGlobalSection
	GlobalSection(SolutionProperties) = preSolution
		HideSolutionNode = FALSE
	EndGlobalSection
	GlobalSection(NestedProjects) = preSolution
		{9317FE39-3868-4CE2-97C2-A1180DD0D3C9} = {514792CC-DB42-49AE-914E-47206959D334}
		{77C86529-5C9F-44E7-9242-45993221BC10} = {E150ED47-C330-46A1-8E4A-E703735AD83F}
		{154C4EF3-BB71-4259-88EC-3BFAC4C3867C} = {E150ED47-C330-46A1-8E4A-E703735AD83F}
		{9F7F7B5F-BF98-4A90-95F9-BD70650C6B16} = {7E635D00-29C6-4B76-885D-F9FCEAFBDB49}
		{5FCAEA8B-1DFD-45EC-B37E-0A1B6F6A8E24} = {514792CC-DB42-49AE-914E-47206959D334}
		{FF3781C7-825A-42CB-B57A-CE54363CFE80} = {514792CC-DB42-49AE-914E-47206959D334}
		{5124B205-C5AB-4080-A2E6-F2E96C7E8272} = {DAC9823B-3255-493D-9A71-46555E94E301}
		{5A6AFB41-632D-46C0-B1AB-EB8B10C70A2A} = {10A3E070-CFE9-4F44-AF01-B14979BA3D73}
		{091E1C60-F77B-45A1-844C-86C5F508B57B} = {DAC9823B-3255-493D-9A71-46555E94E301}
	EndGlobalSection
EndGlobal
